// !$*UTF8*$!
{
	archiveVersion = 1;
	classes = {
	};
	objectVersion = 48;
	objects = {

/* Begin PBXBuildFile section */
		8A646096206046430075146C /* ConfigureSheet.h in Headers */ = {isa = PBXBuildFile; fileRef = 8A646094206046430075146C /* ConfigureSheet.h */; };
		8A646097206046430075146C /* ConfigureSheet.m in Sources */ = {isa = PBXBuildFile; fileRef = 8A646095206046430075146C /* ConfigureSheet.m */; };
		8A64610D206166860075146C /* MainMenu.xib in Resources */ = {isa = PBXBuildFile; fileRef = 8A646103206166860075146C /* MainMenu.xib */; };
		8A646112206166860075146C /* main.m in Sources */ = {isa = PBXBuildFile; fileRef = 8A64610A206166860075146C /* main.m */; };
		8A646114206166860075146C /* AppDelegate.m in Sources */ = {isa = PBXBuildFile; fileRef = 8A64610B206166860075146C /* AppDelegate.m */; };
		8A646119206170D80075146C /* NSColor+Hex.h in Headers */ = {isa = PBXBuildFile; fileRef = 8A646117206170D80075146C /* NSColor+Hex.h */; };
		8A64611A206170D80075146C /* NSColor+Hex.m in Sources */ = {isa = PBXBuildFile; fileRef = 8A646118206170D80075146C /* NSColor+Hex.m */; };
		8A64612D2061C83F0075146C /* thumbnail@2x.png in Resources */ = {isa = PBXBuildFile; fileRef = 8A64612B2061C83E0075146C /* thumbnail@2x.png */; };
		8A64612E2061C83F0075146C /* thumbnail.png in Resources */ = {isa = PBXBuildFile; fileRef = 8A64612C2061C83E0075146C /* thumbnail.png */; };
		8A762CCA205AFDF600A4C384 /* ConfigureSheet.xib in Resources */ = {isa = PBXBuildFile; fileRef = 8A762CC9205AFDF600A4C384 /* ConfigureSheet.xib */; };
		8AFA89D12038201F006E68A0 /* DinnerScreenSaverView.h in Headers */ = {isa = PBXBuildFile; fileRef = 8AFA89D02038201F006E68A0 /* DinnerScreenSaverView.h */; };
		8AFA89D32038201F006E68A0 /* DinnerScreenSaverView.m in Sources */ = {isa = PBXBuildFile; fileRef = 8AFA89D22038201F006E68A0 /* DinnerScreenSaverView.m */; };
		8AFA89E0203822F1006E68A0 /* DinnerScreenSaverScene.m in Sources */ = {isa = PBXBuildFile; fileRef = 8AFA89DE203822F1006E68A0 /* DinnerScreenSaverScene.m */; };
		8AFA89E1203822F1006E68A0 /* DinnerScreenSaverScene.h in Headers */ = {isa = PBXBuildFile; fileRef = 8AFA89DF203822F1006E68A0 /* DinnerScreenSaverScene.h */; };
/* End PBXBuildFile section */

/* Begin PBXContainerItemProxy section */
		8A64611520616F690075146C /* PBXContainerItemProxy */ = {
			isa = PBXContainerItemProxy;
			containerPortal = 8AFA89C42038201F006E68A0 /* Project object */;
			proxyType = 1;
			remoteGlobalIDString = 8AFA89CC2038201F006E68A0;
			remoteInfo = DinnerScreenSaver;
		};
/* End PBXContainerItemProxy section */

/* Begin PBXFileReference section */
		8A646094206046430075146C /* ConfigureSheet.h */ = {isa = PBXFileReference; lastKnownFileType = sourcecode.c.h; path = ConfigureSheet.h; sourceTree = "<group>"; };
		8A646095206046430075146C /* ConfigureSheet.m */ = {isa = PBXFileReference; lastKnownFileType = sourcecode.c.objc; path = ConfigureSheet.m; sourceTree = "<group>"; };
		8A6460CC206153B80075146C /* Runner.app */ = {isa = PBXFileReference; explicitFileType = wrapper.application; includeInIndex = 0; path = Runner.app; sourceTree = BUILT_PRODUCTS_DIR; };
		8A646104206166860075146C /* Base */ = {isa = PBXFileReference; lastKnownFileType = file.xib; name = Base; path = Base.lproj/MainMenu.xib; sourceTree = "<group>"; };
		8A646105206166860075146C /* AppDelegate.h */ = {isa = PBXFileReference; fileEncoding = 4; lastKnownFileType = sourcecode.c.h; path = AppDelegate.h; sourceTree = "<group>"; };
		8A646106206166860075146C /* Runner.entitlements */ = {isa = PBXFileReference; fileEncoding = 4; lastKnownFileType = text.plist.entitlements; path = Runner.entitlements; sourceTree = "<group>"; };
		8A646109206166860075146C /* Info.plist */ = {isa = PBXFileReference; fileEncoding = 4; lastKnownFileType = text.plist.xml; path = Info.plist; sourceTree = "<group>"; };
		8A64610A206166860075146C /* main.m */ = {isa = PBXFileReference; fileEncoding = 4; lastKnownFileType = sourcecode.c.objc; path = main.m; sourceTree = "<group>"; };
		8A64610B206166860075146C /* AppDelegate.m */ = {isa = PBXFileReference; fileEncoding = 4; lastKnownFileType = sourcecode.c.objc; path = AppDelegate.m; sourceTree = "<group>"; };
		8A646117206170D80075146C /* NSColor+Hex.h */ = {isa = PBXFileReference; lastKnownFileType = sourcecode.c.h; name = "NSColor+Hex.h"; path = "DinnerScreenSaver/Helpers/NSColor+Hex.h"; sourceTree = SOURCE_ROOT; };
		8A646118206170D80075146C /* NSColor+Hex.m */ = {isa = PBXFileReference; lastKnownFileType = sourcecode.c.objc; name = "NSColor+Hex.m"; path = "DinnerScreenSaver/Helpers/NSColor+Hex.m"; sourceTree = SOURCE_ROOT; };
		8A64612B2061C83E0075146C /* thumbnail@2x.png */ = {isa = PBXFileReference; lastKnownFileType = image.png; path = "thumbnail@2x.png"; sourceTree = "<group>"; };
		8A64612C2061C83E0075146C /* thumbnail.png */ = {isa = PBXFileReference; lastKnownFileType = image.png; path = thumbnail.png; sourceTree = "<group>"; };
		8A762CC9205AFDF600A4C384 /* ConfigureSheet.xib */ = {isa = PBXFileReference; lastKnownFileType = file.xib; path = ConfigureSheet.xib; sourceTree = "<group>"; };
		8AFA89CD2038201F006E68A0 /* DinnerScreenSaver.saver */ = {isa = PBXFileReference; explicitFileType = wrapper.cfbundle; includeInIndex = 0; path = DinnerScreenSaver.saver; sourceTree = BUILT_PRODUCTS_DIR; };
		8AFA89D02038201F006E68A0 /* DinnerScreenSaverView.h */ = {isa = PBXFileReference; lastKnownFileType = sourcecode.c.h; path = DinnerScreenSaverView.h; sourceTree = "<group>"; };
		8AFA89D22038201F006E68A0 /* DinnerScreenSaverView.m */ = {isa = PBXFileReference; lastKnownFileType = sourcecode.c.objc; path = DinnerScreenSaverView.m; sourceTree = "<group>"; };
		8AFA89D42038201F006E68A0 /* Info.plist */ = {isa = PBXFileReference; lastKnownFileType = text.plist.xml; path = Info.plist; sourceTree = "<group>"; };
		8AFA89DE203822F1006E68A0 /* DinnerScreenSaverScene.m */ = {isa = PBXFileReference; fileEncoding = 4; lastKnownFileType = sourcecode.c.objc; path = DinnerScreenSaverScene.m; sourceTree = "<group>"; };
		8AFA89DF203822F1006E68A0 /* DinnerScreenSaverScene.h */ = {isa = PBXFileReference; fileEncoding = 4; lastKnownFileType = sourcecode.c.h; path = DinnerScreenSaverScene.h; sourceTree = "<group>"; };
/* End PBXFileReference section */

/* Begin PBXFrameworksBuildPhase section */
		8A6460C9206153B80075146C /* Frameworks */ = {
			isa = PBXFrameworksBuildPhase;
			buildActionMask = 2147483647;
			files = (
			);
			runOnlyForDeploymentPostprocessing = 0;
		};
		8AFA89C92038201F006E68A0 /* Frameworks */ = {
			isa = PBXFrameworksBuildPhase;
			buildActionMask = 2147483647;
			files = (
			);
			runOnlyForDeploymentPostprocessing = 0;
		};
/* End PBXFrameworksBuildPhase section */

/* Begin PBXGroup section */
		8A646101206166860075146C /* Runner */ = {
			isa = PBXGroup;
			children = (
				8A646103206166860075146C /* MainMenu.xib */,
				8A646105206166860075146C /* AppDelegate.h */,
				8A646106206166860075146C /* Runner.entitlements */,
				8A646109206166860075146C /* Info.plist */,
				8A64610A206166860075146C /* main.m */,
				8A64610B206166860075146C /* AppDelegate.m */,
			);
			path = Runner;
			sourceTree = "<group>";
		};
		8A6461292061C2FD0075146C /* Recources */ = {
			isa = PBXGroup;
			children = (
				8A64612C2061C83E0075146C /* thumbnail.png */,
				8A64612B2061C83E0075146C /* thumbnail@2x.png */,
			);
			path = Recources;
			sourceTree = "<group>";
		};
		8A64612A2061C3490075146C /* Helpers */ = {
			isa = PBXGroup;
			children = (
				8A646117206170D80075146C /* NSColor+Hex.h */,
				8A646118206170D80075146C /* NSColor+Hex.m */,
			);
			path = Helpers;
			sourceTree = "<group>";
		};
		8AFA89C32038201F006E68A0 = {
			isa = PBXGroup;
			children = (
				8A646101206166860075146C /* Runner */,
				8AFA89CF2038201F006E68A0 /* DinnerScreenSaver */,
				8AFA89CE2038201F006E68A0 /* Products */,
			);
			sourceTree = "<group>";
		};
		8AFA89CE2038201F006E68A0 /* Products */ = {
			isa = PBXGroup;
			children = (
				8AFA89CD2038201F006E68A0 /* DinnerScreenSaver.saver */,
				8A6460CC206153B80075146C /* Runner.app */,
			);
			name = Products;
			sourceTree = "<group>";
		};
		8AFA89CF2038201F006E68A0 /* DinnerScreenSaver */ = {
			isa = PBXGroup;
			children = (
				8AFA89D02038201F006E68A0 /* DinnerScreenSaverView.h */,
				8AFA89D22038201F006E68A0 /* DinnerScreenSaverView.m */,
				8A646094206046430075146C /* ConfigureSheet.h */,
				8A646095206046430075146C /* ConfigureSheet.m */,
				8AFA89DF203822F1006E68A0 /* DinnerScreenSaverScene.h */,
				8AFA89DE203822F1006E68A0 /* DinnerScreenSaverScene.m */,
				8A6461292061C2FD0075146C /* Recources */,
				8A64612A2061C3490075146C /* Helpers */,
				8A762CC9205AFDF600A4C384 /* ConfigureSheet.xib */,
				8AFA89D42038201F006E68A0 /* Info.plist */,
			);
			path = DinnerScreenSaver;
			sourceTree = "<group>";
		};
/* End PBXGroup section */

/* Begin PBXHeadersBuildPhase section */
		8AFA89CA2038201F006E68A0 /* Headers */ = {
			isa = PBXHeadersBuildPhase;
			buildActionMask = 2147483647;
			files = (
				8AFA89D12038201F006E68A0 /* DinnerScreenSaverView.h in Headers */,
				8A646096206046430075146C /* ConfigureSheet.h in Headers */,
				8AFA89E1203822F1006E68A0 /* DinnerScreenSaverScene.h in Headers */,
				8A646119206170D80075146C /* NSColor+Hex.h in Headers */,
			);
			runOnlyForDeploymentPostprocessing = 0;
		};
/* End PBXHeadersBuildPhase section */

/* Begin PBXNativeTarget section */
		8A6460CB206153B80075146C /* Runner */ = {
			isa = PBXNativeTarget;
			buildConfigurationList = 8A6460DD206153B80075146C /* Build configuration list for PBXNativeTarget "Runner" */;
			buildPhases = (
				8A6460C8206153B80075146C /* Sources */,
				8A6460C9206153B80075146C /* Frameworks */,
				8A6460CA206153B80075146C /* Resources */,
			);
			buildRules = (
			);
			dependencies = (
				8A64611620616F690075146C /* PBXTargetDependency */,
			);
			name = Runner;
			productName = Runner;
			productReference = 8A6460CC206153B80075146C /* Runner.app */;
			productType = "com.apple.product-type.application";
		};
		8AFA89CC2038201F006E68A0 /* DinnerScreenSaver */ = {
			isa = PBXNativeTarget;
			buildConfigurationList = 8AFA89D72038201F006E68A0 /* Build configuration list for PBXNativeTarget "DinnerScreenSaver" */;
			buildPhases = (
				8AFA89C82038201F006E68A0 /* Sources */,
				8AFA89C92038201F006E68A0 /* Frameworks */,
				8AFA89CA2038201F006E68A0 /* Headers */,
				8AFA89CB2038201F006E68A0 /* Resources */,
			);
			buildRules = (
			);
			dependencies = (
			);
			name = DinnerScreenSaver;
			productName = DinnerScreenSaver;
			productReference = 8AFA89CD2038201F006E68A0 /* DinnerScreenSaver.saver */;
			productType = "com.apple.product-type.bundle";
		};
/* End PBXNativeTarget section */

/* Begin PBXProject section */
		8AFA89C42038201F006E68A0 /* Project object */ = {
			isa = PBXProject;
			attributes = {
				LastUpgradeCheck = 0920;
				ORGANIZATIONNAME = "Алексей";
				TargetAttributes = {
					8A6460CB206153B80075146C = {
						CreatedOnToolsVersion = 9.2;
						ProvisioningStyle = Automatic;
					};
					8AFA89CC2038201F006E68A0 = {
						CreatedOnToolsVersion = 9.2;
						ProvisioningStyle = Automatic;
					};
				};
			};
			buildConfigurationList = 8AFA89C72038201F006E68A0 /* Build configuration list for PBXProject "DinnerScreenSaver" */;
			compatibilityVersion = "Xcode 8.0";
			developmentRegion = en;
			hasScannedForEncodings = 0;
			knownRegions = (
				en,
				Base,
			);
			mainGroup = 8AFA89C32038201F006E68A0;
			productRefGroup = 8AFA89CE2038201F006E68A0 /* Products */;
			projectDirPath = "";
			projectRoot = "";
			targets = (
				8AFA89CC2038201F006E68A0 /* DinnerScreenSaver */,
				8A6460CB206153B80075146C /* Runner */,
			);
		};
/* End PBXProject section */

/* Begin PBXResourcesBuildPhase section */
		8A6460CA206153B80075146C /* Resources */ = {
			isa = PBXResourcesBuildPhase;
			buildActionMask = 2147483647;
			files = (
				8A64610D206166860075146C /* MainMenu.xib in Resources */,
			);
			runOnlyForDeploymentPostprocessing = 0;
		};
		8AFA89CB2038201F006E68A0 /* Resources */ = {
			isa = PBXResourcesBuildPhase;
			buildActionMask = 2147483647;
			files = (
				8A762CCA205AFDF600A4C384 /* ConfigureSheet.xib in Resources */,
				8A64612D2061C83F0075146C /* thumbnail@2x.png in Resources */,
				8A64612E2061C83F0075146C /* thumbnail.png in Resources */,
			);
			runOnlyForDeploymentPostprocessing = 0;
		};
/* End PBXResourcesBuildPhase section */

/* Begin PBXSourcesBuildPhase section */
		8A6460C8206153B80075146C /* Sources */ = {
			isa = PBXSourcesBuildPhase;
			buildActionMask = 2147483647;
			files = (
				8A646114206166860075146C /* AppDelegate.m in Sources */,
				8A646112206166860075146C /* main.m in Sources */,
			);
			runOnlyForDeploymentPostprocessing = 0;
		};
		8AFA89C82038201F006E68A0 /* Sources */ = {
			isa = PBXSourcesBuildPhase;
			buildActionMask = 2147483647;
			files = (
				8A64611A206170D80075146C /* NSColor+Hex.m in Sources */,
				8AFA89D32038201F006E68A0 /* DinnerScreenSaverView.m in Sources */,
				8AFA89E0203822F1006E68A0 /* DinnerScreenSaverScene.m in Sources */,
				8A646097206046430075146C /* ConfigureSheet.m in Sources */,
			);
			runOnlyForDeploymentPostprocessing = 0;
		};
/* End PBXSourcesBuildPhase section */

/* Begin PBXTargetDependency section */
		8A64611620616F690075146C /* PBXTargetDependency */ = {
			isa = PBXTargetDependency;
			target = 8AFA89CC2038201F006E68A0 /* DinnerScreenSaver */;
			targetProxy = 8A64611520616F690075146C /* PBXContainerItemProxy */;
		};
/* End PBXTargetDependency section */

/* Begin PBXVariantGroup section */
		8A646103206166860075146C /* MainMenu.xib */ = {
			isa = PBXVariantGroup;
			children = (
				8A646104206166860075146C /* Base */,
			);
			name = MainMenu.xib;
			sourceTree = "<group>";
		};
/* End PBXVariantGroup section */

/* Begin XCBuildConfiguration section */
		8A6460DE206153B80075146C /* Debug */ = {
			isa = XCBuildConfiguration;
			buildSettings = {
				ASSETCATALOG_COMPILER_APPICON_NAME = AppIcon;
				CODE_SIGN_ENTITLEMENTS = Runner/Runner.entitlements;
				CODE_SIGN_STYLE = Automatic;
				COMBINE_HIDPI_IMAGES = YES;
				DEVELOPMENT_TEAM = GLQY2SH5YN;
				INFOPLIST_FILE = Runner/Info.plist;
				LD_RUNPATH_SEARCH_PATHS = "$(inherited) @executable_path/../Frameworks";
				PRODUCT_BUNDLE_IDENTIFIER = Alexey.Runner;
				PRODUCT_NAME = "$(TARGET_NAME)";
			};
			name = Debug;
		};
		8A6460DF206153B80075146C /* Release */ = {
			isa = XCBuildConfiguration;
			buildSettings = {
				ASSETCATALOG_COMPILER_APPICON_NAME = AppIcon;
				CODE_SIGN_ENTITLEMENTS = Runner/Runner.entitlements;
				CODE_SIGN_STYLE = Automatic;
				COMBINE_HIDPI_IMAGES = YES;
				DEVELOPMENT_TEAM = GLQY2SH5YN;
				INFOPLIST_FILE = Runner/Info.plist;
				LD_RUNPATH_SEARCH_PATHS = "$(inherited) @executable_path/../Frameworks";
				PRODUCT_BUNDLE_IDENTIFIER = Alexey.Runner;
				PRODUCT_NAME = "$(TARGET_NAME)";
			};
			name = Release;
		};
		8AFA89D52038201F006E68A0 /* Debug */ = {
			isa = XCBuildConfiguration;
			buildSettings = {
				ALWAYS_SEARCH_USER_PATHS = NO;
				CLANG_ANALYZER_NONNULL = YES;
				CLANG_ANALYZER_NUMBER_OBJECT_CONVERSION = YES_AGGRESSIVE;
				CLANG_CXX_LANGUAGE_STANDARD = "gnu++14";
				CLANG_CXX_LIBRARY = "libc++";
				CLANG_ENABLE_MODULES = YES;
				CLANG_ENABLE_OBJC_ARC = YES;
				CLANG_WARN_BLOCK_CAPTURE_AUTORELEASING = YES;
				CLANG_WARN_BOOL_CONVERSION = YES;
				CLANG_WARN_COMMA = YES;
				CLANG_WARN_CONSTANT_CONVERSION = YES;
				CLANG_WARN_DIRECT_OBJC_ISA_USAGE = YES_ERROR;
				CLANG_WARN_DOCUMENTATION_COMMENTS = YES;
				CLANG_WARN_EMPTY_BODY = YES;
				CLANG_WARN_ENUM_CONVERSION = YES;
				CLANG_WARN_INFINITE_RECURSION = YES;
				CLANG_WARN_INT_CONVERSION = YES;
				CLANG_WARN_NON_LITERAL_NULL_CONVERSION = YES;
				CLANG_WARN_OBJC_LITERAL_CONVERSION = YES;
				CLANG_WARN_OBJC_ROOT_CLASS = YES_ERROR;
				CLANG_WARN_RANGE_LOOP_ANALYSIS = YES;
				CLANG_WARN_STRICT_PROTOTYPES = YES;
				CLANG_WARN_SUSPICIOUS_MOVE = YES;
				CLANG_WARN_UNGUARDED_AVAILABILITY = YES_AGGRESSIVE;
				CLANG_WARN_UNREACHABLE_CODE = YES;
				CLANG_WARN__DUPLICATE_METHOD_MATCH = YES;
				CODE_SIGN_IDENTITY = "Mac Developer";
				COPY_PHASE_STRIP = NO;
				DEBUG_INFORMATION_FORMAT = dwarf;
				ENABLE_STRICT_OBJC_MSGSEND = YES;
				ENABLE_TESTABILITY = YES;
				GCC_C_LANGUAGE_STANDARD = gnu11;
				GCC_DYNAMIC_NO_PIC = NO;
				GCC_NO_COMMON_BLOCKS = YES;
				GCC_OPTIMIZATION_LEVEL = 0;
				GCC_PREPROCESSOR_DEFINITIONS = (
					"DEBUG=1",
					"$(inherited)",
				);
				GCC_WARN_64_TO_32_BIT_CONVERSION = YES;
				GCC_WARN_ABOUT_RETURN_TYPE = YES_ERROR;
				GCC_WARN_UNDECLARED_SELECTOR = YES;
				GCC_WARN_UNINITIALIZED_AUTOS = YES_AGGRESSIVE;
				GCC_WARN_UNUSED_FUNCTION = YES;
				GCC_WARN_UNUSED_VARIABLE = YES;
				MACOSX_DEPLOYMENT_TARGET = 10.13;
				MTL_ENABLE_DEBUG_INFO = YES;
				ONLY_ACTIVE_ARCH = YES;
				SDKROOT = macosx;
			};
			name = Debug;
		};
		8AFA89D62038201F006E68A0 /* Release */ = {
			isa = XCBuildConfiguration;
			buildSettings = {
				ALWAYS_SEARCH_USER_PATHS = NO;
				CLANG_ANALYZER_NONNULL = YES;
				CLANG_ANALYZER_NUMBER_OBJECT_CONVERSION = YES_AGGRESSIVE;
				CLANG_CXX_LANGUAGE_STANDARD = "gnu++14";
				CLANG_CXX_LIBRARY = "libc++";
				CLANG_ENABLE_MODULES = YES;
				CLANG_ENABLE_OBJC_ARC = YES;
				CLANG_WARN_BLOCK_CAPTURE_AUTORELEASING = YES;
				CLANG_WARN_BOOL_CONVERSION = YES;
				CLANG_WARN_COMMA = YES;
				CLANG_WARN_CONSTANT_CONVERSION = YES;
				CLANG_WARN_DIRECT_OBJC_ISA_USAGE = YES_ERROR;
				CLANG_WARN_DOCUMENTATION_COMMENTS = YES;
				CLANG_WARN_EMPTY_BODY = YES;
				CLANG_WARN_ENUM_CONVERSION = YES;
				CLANG_WARN_INFINITE_RECURSION = YES;
				CLANG_WARN_INT_CONVERSION = YES;
				CLANG_WARN_NON_LITERAL_NULL_CONVERSION = YES;
				CLANG_WARN_OBJC_LITERAL_CONVERSION = YES;
				CLANG_WARN_OBJC_ROOT_CLASS = YES_ERROR;
				CLANG_WARN_RANGE_LOOP_ANALYSIS = YES;
				CLANG_WARN_STRICT_PROTOTYPES = YES;
				CLANG_WARN_SUSPICIOUS_MOVE = YES;
				CLANG_WARN_UNGUARDED_AVAILABILITY = YES_AGGRESSIVE;
				CLANG_WARN_UNREACHABLE_CODE = YES;
				CLANG_WARN__DUPLICATE_METHOD_MATCH = YES;
				CODE_SIGN_IDENTITY = "Mac Developer";
				COPY_PHASE_STRIP = NO;
				DEBUG_INFORMATION_FORMAT = "dwarf-with-dsym";
				ENABLE_NS_ASSERTIONS = NO;
				ENABLE_STRICT_OBJC_MSGSEND = YES;
				GCC_C_LANGUAGE_STANDARD = gnu11;
				GCC_NO_COMMON_BLOCKS = YES;
				GCC_WARN_64_TO_32_BIT_CONVERSION = YES;
				GCC_WARN_ABOUT_RETURN_TYPE = YES_ERROR;
				GCC_WARN_UNDECLARED_SELECTOR = YES;
				GCC_WARN_UNINITIALIZED_AUTOS = YES_AGGRESSIVE;
				GCC_WARN_UNUSED_FUNCTION = YES;
				GCC_WARN_UNUSED_VARIABLE = YES;
				MACOSX_DEPLOYMENT_TARGET = 10.13;
				MTL_ENABLE_DEBUG_INFO = NO;
				SDKROOT = macosx;
			};
			name = Release;
		};
		8AFA89D82038201F006E68A0 /* Debug */ = {
			isa = XCBuildConfiguration;
			buildSettings = {
				CODE_SIGN_STYLE = Automatic;
				COMBINE_HIDPI_IMAGES = YES;
				DEVELOPMENT_TEAM = GLQY2SH5YN;
				INFOPLIST_FILE = DinnerScreenSaver/Info.plist;
				INSTALL_PATH = "$(HOME)/Library/Screen Savers";
				PRODUCT_BUNDLE_IDENTIFIER = Alexey.DinnerScreenSaver;
				PRODUCT_NAME = "$(TARGET_NAME)";
				WRAPPER_EXTENSION = saver;
			};
			name = Debug;
		};
		8AFA89D92038201F006E68A0 /* Release */ = {
			isa = XCBuildConfiguration;
			buildSettings = {
				CODE_SIGN_STYLE = Automatic;
				COMBINE_HIDPI_IMAGES = YES;
				DEVELOPMENT_TEAM = GLQY2SH5YN;
				INFOPLIST_FILE = DinnerScreenSaver/Info.plist;
				INSTALL_PATH = "$(HOME)/Library/Screen Savers";
				PRODUCT_BUNDLE_IDENTIFIER = Alexey.DinnerScreenSaver;
				PRODUCT_NAME = "$(TARGET_NAME)";
				WRAPPER_EXTENSION = saver;
			};
			name = Release;
		};
/* End XCBuildConfiguration section */

/* Begin XCConfigurationList section */
		8A6460DD206153B80075146C /* Build configuration list for PBXNativeTarget "Runner" */ = {
			isa = XCConfigurationList;
			buildConfigurations = (
				8A6460DE206153B80075146C /* Debug */,
				8A6460DF206153B80075146C /* Release */,
			);
			defaultConfigurationIsVisible = 0;
			defaultConfigurationName = Release;
		};
		8AFA89C72038201F006E68A0 /* Build configuration list for PBXProject "DinnerScreenSaver" */ = {
			isa = XCConfigurationList;
			buildConfigurations = (
				8AFA89D52038201F006E68A0 /* Debug */,
				8AFA89D62038201F006E68A0 /* Release */,
			);
			defaultConfigurationIsVisible = 0;
			defaultConfigurationName = Release;
		};
		8AFA89D72038201F006E68A0 /* Build configuration list for PBXNativeTarget "DinnerScreenSaver" */ = {
			isa = XCConfigurationList;
			buildConfigurations = (
				8AFA89D82038201F006E68A0 /* Debug */,
				8AFA89D92038201F006E68A0 /* Release */,
			);
			defaultConfigurationIsVisible = 0;
			defaultConfigurationName = Release;
		};
/* End XCConfigurationList section */
	};
	rootObject = 8AFA89C42038201F006E68A0 /* Project object */;
}
